
Microsoft Visual Studio Solution File, Format Version 12.00
# Visual Studio Version 17
VisualStudioVersion = 17.4.33122.133
MinimumVisualStudioVersion = 10.0.40219.1
Project("{FAE04EC0-301F-11D3-BF4B-00C04F79EFBC}") = "WindowsFormsApp4", "WindowsFormsApp4\WindowsFormsApp4.csproj", "{1272312A-1ECC-4928-91B6-58F6DD7A1338}"
EndProject
Global
	GlobalSection(SolutionConfigurationPlatforms) = preSolution
		Debug|Any CPU = Debug|Any CPU
		Release|Any CPU = Release|Any CPU
	EndGlobalSection
	GlobalSection(ProjectConfigurationPlatforms) = postSolution
		{1272312A-1ECC-4928-91B6-58F6DD7A1338}.Debug|Any CPU.ActiveCfg = Debug|Any CPU
		{1272312A-1ECC-4928-91B6-58F6DD7A1338}.Debug|Any CPU.Build.0 = Debug|Any CPU
		{1272312A-1ECC-4928-91B6-58F6DD7A1338}.Release|Any CPU.ActiveCfg = Release|Any CPU
		{1272312A-1ECC-4928-91B6-58F6DD7A1338}.Release|Any CPU.Build.0 = Release|Any CPU
	EndGlobalSection
	GlobalSection(SolutionProperties) = preSolution
		HideSolutionNode = FALSE
	EndGlobalSection
	GlobalSection(ExtensibilityGlobals) = postSolution
		SolutionGuid = {CFD0955F-0C48-4787-A15A-338AEFC706D1}
	EndGlobalSection
EndGlobal
